{
  "name": "openapi-test",
  "version": "1.0.0",
  "lockfileVersion": 2,
  "requires": true,
  "packages": {
    "": {
      "name": "openapi-test",
      "version": "1.0.0",
      "license": "ISC",
      "devDependencies": {
        "jsonschema": "^1.2.5",
        "openapi2schema": "^0.3.2"
      }
    },
    "node_modules/argparse": {
      "version": "1.0.10",
      "resolved": "https://registry.npmjs.org/argparse/-/argparse-1.0.10.tgz",
      "integrity": "sha512-o5Roy6tNG4SL/FOkCAN6RzjiakZS25RLYFrcMttJqbdd8BWrnA+fGz57iN5Pb06pvBGvl5gQ0B48dJlslXvoTg==",
      "dev": true,
      "dependencies": {
        "sprintf-js": "~1.0.2"
      }
    },
    "node_modules/call-bind": {
      "version": "1.0.2",
      "resolved": "https://registry.npmjs.org/call-bind/-/call-bind-1.0.2.tgz",
      "integrity": "sha512-7O+FbCihrB5WGbFYesctwmTKae6rOiIzmz1icreWJ+0aA7LJfuqhEso2T9ncpcFtzMQtzXf2QGGueWJGTYsqrA==",
      "dev": true,
      "dependencies": {
        "function-bind": "^1.1.1",
        "get-intrinsic": "^1.0.2"
      },
      "funding": {
        "url": "https://github.com/sponsors/ljharb"
      }
    },
    "node_modules/call-me-maybe": {
      "version": "1.0.1",
      "resolved": "https://registry.npmjs.org/call-me-maybe/-/call-me-maybe-1.0.1.tgz",
      "integrity": "sha1-JtII6onje1y95gJQoV8DHBak1ms=",
      "dev": true
    },
    "node_modules/commander": {
      "version": "2.20.3",
      "resolved": "https://registry.npmjs.org/commander/-/commander-2.20.3.tgz",
      "integrity": "sha512-GpVkmM8vF2vQUkj2LvZmD35JxeJOLCwJ9cUkugyk2nuhbv3+mJvpLYYt+0+USMxE+oj+ey/lJEnhZw75x/OMcQ==",
      "dev": true
    },
    "node_modules/compute-gcd": {
      "version": "1.2.0",
      "resolved": "https://registry.npmjs.org/compute-gcd/-/compute-gcd-1.2.0.tgz",
      "integrity": "sha1-/B7eW2UAHpUCJlAvRlQ4Y+T+oQ4=",
      "dev": true,
      "dependencies": {
        "validate.io-array": "^1.0.3",
        "validate.io-function": "^1.0.2",
        "validate.io-integer-array": "^1.0.0"
      }
    },
    "node_modules/compute-lcm": {
      "version": "1.1.0",
      "resolved": "https://registry.npmjs.org/compute-lcm/-/compute-lcm-1.1.0.tgz",
      "integrity": "sha1-q9ltBAtBsKFm+JlEtci3xRHiGtU=",
      "dev": true,
      "dependencies": {
        "compute-gcd": "^1.2.0",
        "validate.io-array": "^1.0.3",
        "validate.io-function": "^1.0.2",
        "validate.io-integer-array": "^1.0.0"
      }
    },
    "node_modules/debug": {
      "version": "3.2.6",
      "resolved": "https://registry.npmjs.org/debug/-/debug-3.2.6.tgz",
      "integrity": "sha512-mel+jf7nrtEl5Pn1Qx46zARXKDpBbvzezse7p7LqINmdoIk8PYP5SySaxEmYv6TZ0JyEKA1hsCId6DIhgITtWQ==",
      "deprecated": "Debug versions >=3.2.0 <3.2.7 || >=4 <4.3.1 have a low-severity ReDos regression when used in a Node.js environment. It is recommended you upgrade to 3.2.7 or 4.3.1. (https://github.com/visionmedia/debug/issues/797)",
      "dev": true,
      "dependencies": {
        "ms": "^2.1.1"
      }
    },
    "node_modules/deep-equal": {
      "version": "1.1.1",
      "resolved": "https://registry.npmjs.org/deep-equal/-/deep-equal-1.1.1.tgz",
      "integrity": "sha512-yd9c5AdiqVcR+JjcwUQb9DkhJc8ngNr0MahEBGvDiJw8puWab2yZlh+nkasOnZP+EGTAP6rRp2JzJhJZzvNF8g==",
      "dev": true,
      "dependencies": {
        "is-arguments": "^1.0.4",
        "is-date-object": "^1.0.1",
        "is-regex": "^1.0.4",
        "object-is": "^1.0.1",
        "object-keys": "^1.1.1",
        "regexp.prototype.flags": "^1.2.0"
      },
      "funding": {
        "url": "https://github.com/sponsors/ljharb"
      }
    },
    "node_modules/define-properties": {
      "version": "1.1.4",
      "resolved": "https://registry.npmjs.org/define-properties/-/define-properties-1.1.4.tgz",
      "integrity": "sha512-uckOqKcfaVvtBdsVkdPv3XjveQJsNQqmhXgRi8uhvWWuPYZCNlzT8qAyblUgNoXdHdjMTzAqeGjAoli8f+bzPA==",
      "dev": true,
      "dependencies": {
        "has-property-descriptors": "^1.0.0",
        "object-keys": "^1.1.1"
      },
      "engines": {
        "node": ">= 0.4"
      },
      "funding": {
        "url": "https://github.com/sponsors/ljharb"
      }
    },
    "node_modules/esprima": {
      "version": "4.0.1",
      "resolved": "https://registry.npmjs.org/esprima/-/esprima-4.0.1.tgz",
      "integrity": "sha512-eGuFFw7Upda+g4p+QHvnW0RyTX/SVeJBDM/gCtMARO0cLuT2HcEKnTPvhjV6aGeqrCB/sbNop0Kszm0jsaWU4A==",
      "dev": true,
      "bin": {
        "esparse": "bin/esparse.js",
        "esvalidate": "bin/esvalidate.js"
      },
      "engines": {
        "node": ">=4"
      }
    },
    "node_modules/format-util": {
      "version": "1.0.3",
      "resolved": "https://registry.npmjs.org/format-util/-/format-util-1.0.3.tgz",
      "integrity": "sha1-Ay3KShFiYqEsQ/TD7IVmQWxbLZU=",
      "dev": true
    },
    "node_modules/function-bind": {
      "version": "1.1.1",
      "resolved": "https://registry.npmjs.org/function-bind/-/function-bind-1.1.1.tgz",
      "integrity": "sha512-yIovAzMX49sF8Yl58fSCWJ5svSLuaibPxXQJFLmBObTuCr0Mf1KiPopGM9NiFjiYBCbfaa2Fh6breQ6ANVTI0A==",
      "dev": true
    },
    "node_modules/functions-have-names": {
      "version": "1.2.3",
      "resolved": "https://registry.npmjs.org/functions-have-names/-/functions-have-names-1.2.3.tgz",
      "integrity": "sha512-xckBUXyTIqT97tq2x2AMb+g163b5JFysYk0x4qxNFwbfQkmNZoiRHb6sPzI9/QV33WeuvVYBUIiD4NzNIyqaRQ==",
      "dev": true,
      "funding": {
        "url": "https://github.com/sponsors/ljharb"
      }
    },
    "node_modules/get-intrinsic": {
      "version": "1.1.3",
      "resolved": "https://registry.npmjs.org/get-intrinsic/-/get-intrinsic-1.1.3.tgz",
      "integrity": "sha512-QJVz1Tj7MS099PevUG5jvnt9tSkXN8K14dxQlikJuPt4uD9hHAHjLyLBiLR5zELelBdD9QNRAXZzsJx0WaDL9A==",
      "dev": true,
      "dependencies": {
        "function-bind": "^1.1.1",
        "has": "^1.0.3",
        "has-symbols": "^1.0.3"
      },
      "funding": {
        "url": "https://github.com/sponsors/ljharb"
      }
    },
    "node_modules/has": {
      "version": "1.0.3",
      "resolved": "https://registry.npmjs.org/has/-/has-1.0.3.tgz",
      "integrity": "sha512-f2dvO0VU6Oej7RkWJGrehjbzMAjFp5/VKPp5tTpWIV4JHHZK1/BxbFRtf/siA2SWTe09caDmVtYYzWEIbBS4zw==",
      "dev": true,
      "dependencies": {
        "function-bind": "^1.1.1"
      },
      "engines": {
        "node": ">= 0.4.0"
      }
    },
    "node_modules/has-property-descriptors": {
      "version": "1.0.0",
      "resolved": "https://registry.npmjs.org/has-property-descriptors/-/has-property-descriptors-1.0.0.tgz",
      "integrity": "sha512-62DVLZGoiEBDHQyqG4w9xCuZ7eJEwNmJRWw2VY84Oedb7WFcA27fiEVe8oUQx9hAUJ4ekurquucTGwsyO1XGdQ==",
      "dev": true,
      "dependencies": {
        "get-intrinsic": "^1.1.1"
      },
      "funding": {
        "url": "https://github.com/sponsors/ljharb"
      }
    },
    "node_modules/has-symbols": {
      "version": "1.0.3",
      "resolved": "https://registry.npmjs.org/has-symbols/-/has-symbols-1.0.3.tgz",
      "integrity": "sha512-l3LCuF6MgDNwTDKkdYGEihYjt5pRPbEg46rtlmnSPlUbgmB8LOIrKJbYYFBSbnPaJexMKtiPO8hmeRjRz2Td+A==",
      "dev": true,
      "engines": {
        "node": ">= 0.4"
      },
      "funding": {
        "url": "https://github.com/sponsors/ljharb"
      }
    },
    "node_modules/has-tostringtag": {
      "version": "1.0.0",
      "resolved": "https://registry.npmjs.org/has-tostringtag/-/has-tostringtag-1.0.0.tgz",
      "integrity": "sha512-kFjcSNhnlGV1kyoGk7OXKSawH5JOb/LzUc5w9B02hOTO0dfFRjbHQKvg1d6cf3HbeUmtU9VbbV3qzZ2Teh97WQ==",
      "dev": true,
      "dependencies": {
        "has-symbols": "^1.0.2"
      },
      "engines": {
        "node": ">= 0.4"
      },
      "funding": {
        "url": "https://github.com/sponsors/ljharb"
      }
    },
    "node_modules/is-arguments": {
      "version": "1.1.1",
      "resolved": "https://registry.npmjs.org/is-arguments/-/is-arguments-1.1.1.tgz",
      "integrity": "sha512-8Q7EARjzEnKpt/PCD7e1cgUS0a6X8u5tdSiMqXhojOdoV9TsMsiO+9VLC5vAmO8N7/GmXn7yjR8qnA6bVAEzfA==",
      "dev": true,
      "dependencies": {
        "call-bind": "^1.0.2",
        "has-tostringtag": "^1.0.0"
      },
      "engines": {
        "node": ">= 0.4"
      },
      "funding": {
        "url": "https://github.com/sponsors/ljharb"
      }
    },
    "node_modules/is-date-object": {
      "version": "1.0.5",
      "resolved": "https://registry.npmjs.org/is-date-object/-/is-date-object-1.0.5.tgz",
      "integrity": "sha512-9YQaSxsAiSwcvS33MBk3wTCVnWK+HhF8VZR2jRxehM16QcVOdHqPn4VPHmRK4lSr38n9JriurInLcP90xsYNfQ==",
      "dev": true,
      "dependencies": {
        "has-tostringtag": "^1.0.0"
      },
      "engines": {
        "node": ">= 0.4"
      },
      "funding": {
        "url": "https://github.com/sponsors/ljharb"
      }
    },
    "node_modules/is-regex": {
      "version": "1.1.4",
      "resolved": "https://registry.npmjs.org/is-regex/-/is-regex-1.1.4.tgz",
      "integrity": "sha512-kvRdxDsxZjhzUX07ZnLydzS1TU/TJlTUHHY4YLL87e37oUA49DfkLqgy+VjFocowy29cKvcSiu+kIv728jTTVg==",
      "dev": true,
      "dependencies": {
        "call-bind": "^1.0.2",
        "has-tostringtag": "^1.0.0"
      },
      "engines": {
        "node": ">= 0.4"
      },
      "funding": {
        "url": "https://github.com/sponsors/ljharb"
      }
    },
    "node_modules/js-yaml": {
      "version": "3.13.1",
      "resolved": "https://registry.npmjs.org/js-yaml/-/js-yaml-3.13.1.tgz",
      "integrity": "sha512-YfbcO7jXDdyj0DGxYVSlSeQNHbD7XPWvrVWeVUujrQEoZzWJIRrCPoyk6kL6IAjAG2IolMK4T0hNUe0HOUs5Jw==",
      "dev": true,
      "dependencies": {
        "argparse": "^1.0.7",
        "esprima": "^4.0.0"
      },
      "bin": {
        "js-yaml": "bin/js-yaml.js"
      }
    },
    "node_modules/json-schema-compare": {
      "version": "0.2.2",
      "resolved": "https://registry.npmjs.org/json-schema-compare/-/json-schema-compare-0.2.2.tgz",
      "integrity": "sha512-c4WYmDKyJXhs7WWvAWm3uIYnfyWFoIp+JEoX34rctVvEkMYCPGhXtvmFFXiffBbxfZsvQ0RNnV5H7GvDF5HCqQ==",
      "dev": true,
      "dependencies": {
        "lodash": "^4.17.4"
      }
    },
    "node_modules/json-schema-merge-allof": {
      "version": "0.6.0",
      "resolved": "https://registry.npmjs.org/json-schema-merge-allof/-/json-schema-merge-allof-0.6.0.tgz",
      "integrity": "sha512-LEw4VMQVRceOPLuGRWcxW5orTTiR9ZAtqTAe4rQUjNADTeR81bezBVFa0MqIwp0YmHIM1KkhSjZM7o+IQhaPbQ==",
      "dev": true,
      "dependencies": {
        "compute-lcm": "^1.1.0",
        "json-schema-compare": "^0.2.2",
        "lodash": "^4.17.4"
      }
    },
    "node_modules/json-schema-ref-parser": {
      "version": "4.1.1",
      "resolved": "https://registry.npmjs.org/json-schema-ref-parser/-/json-schema-ref-parser-4.1.1.tgz",
      "integrity": "sha512-lByoCHZ6H2zgb6NtsXIqtzQ+6Ji7iVqnrhWxsXLhF+gXmgu6E8+ErpDxCMR439MUG1nfMjWI2HAoM8l0XgSNhw==",
      "dev": true,
      "dependencies": {
        "call-me-maybe": "^1.0.1",
        "debug": "^3.1.0",
        "js-yaml": "^3.10.0",
        "ono": "^4.0.3"
      }
    },
    "node_modules/jsonschema": {
      "version": "1.2.5",
      "resolved": "https://registry.npmjs.org/jsonschema/-/jsonschema-1.2.5.tgz",
      "integrity": "sha512-kVTF+08x25PQ0CjuVc0gRM9EUPb0Fe9Ln/utFOgcdxEIOHuU7ooBk/UPTd7t1M91pP35m0MU1T8M5P7vP1bRRw==",
      "dev": true,
      "engines": {
        "node": "*"
      }
    },
    "node_modules/lodash": {
      "version": "4.17.21",
      "resolved": "https://registry.npmjs.org/lodash/-/lodash-4.17.21.tgz",
      "integrity": "sha512-v2kDEe57lecTulaDIuNTPy3Ry4gLGJ6Z1O3vE1krgXZNrsQ+LFTGHVxVjcXPs17LhbZVGedAJv8XZ1tvj5FvSg==",
      "dev": true
    },
    "node_modules/ms": {
      "version": "2.1.2",
      "resolved": "https://registry.npmjs.org/ms/-/ms-2.1.2.tgz",
      "integrity": "sha512-sGkPx+VjMtmA6MX27oA4FBFELFCZZ4S4XqeGOXCv68tT+jb3vk/RyaKWP0PTKyWtmLSM0b+adUTEvbs1PEaH2w==",
      "dev": true
    },
    "node_modules/object-is": {
      "version": "1.1.5",
      "resolved": "https://registry.npmjs.org/object-is/-/object-is-1.1.5.tgz",
      "integrity": "sha512-3cyDsyHgtmi7I7DfSSI2LDp6SK2lwvtbg0p0R1e0RvTqF5ceGx+K2dfSjm1bKDMVCFEDAQvy+o8c6a7VujOddw==",
      "dev": true,
      "dependencies": {
        "call-bind": "^1.0.2",
        "define-properties": "^1.1.3"
      },
      "engines": {
        "node": ">= 0.4"
      },
      "funding": {
        "url": "https://github.com/sponsors/ljharb"
      }
    },
    "node_modules/object-keys": {
      "version": "1.1.1",
      "resolved": "https://registry.npmjs.org/object-keys/-/object-keys-1.1.1.tgz",
      "integrity": "sha512-NuAESUOUMrlIXOfHKzD6bpPu3tYt3xvjNdRIQ+FeT0lNb4K8WR70CaDxhuNguS2XG+GjkyMwOzsN5ZktImfhLA==",
      "dev": true,
      "engines": {
        "node": ">= 0.4"
      }
    },
    "node_modules/ono": {
      "version": "4.0.11",
      "resolved": "https://registry.npmjs.org/ono/-/ono-4.0.11.tgz",
      "integrity": "sha512-jQ31cORBFE6td25deYeD80wxKBMj+zBmHTrVxnc6CKhx8gho6ipmWM5zj/oeoqioZ99yqBls9Z/9Nss7J26G2g==",
      "dev": true,
      "dependencies": {
        "format-util": "^1.0.3"
      }
    },
    "node_modules/openapi-schema-to-json-schema": {
      "version": "1.2.0",
      "resolved": "https://registry.npmjs.org/openapi-schema-to-json-schema/-/openapi-schema-to-json-schema-1.2.0.tgz",
      "integrity": "sha512-UpSpfoFUKNHRQkxazjsQSAlhffKfXSW01nKiJJ/Z0pPa9iL8uxjqG1yY5944ZV5lyqno2cH2VJ5LBJM3Pu/dKg==",
      "deprecated": "This package is no longer maintained. Use @openapi-contrib/openapi-schema-to-json-schema instead.",
      "dev": true,
      "dependencies": {
        "deep-equal": "^1.0.1"
      }
    },
    "node_modules/openapi2schema": {
      "version": "0.3.2",
      "resolved": "https://registry.npmjs.org/openapi2schema/-/openapi2schema-0.3.2.tgz",
      "integrity": "sha512-11JyIrCqYw2ixdrkS5jGQ8nM+aj6020HP49Peiskj7NrP3fMVPdRvJElV8Om8iIiiYpbQFGhrJqPxdwuhU+G9Q==",
      "deprecated": "This package is looking for a new maintainer.",
      "dev": true,
      "dependencies": {
        "commander": "^2.11.0",
        "json-schema-merge-allof": "^0.6.0",
        "json-schema-ref-parser": "^4.0.3",
        "openapi-schema-to-json-schema": "^1.2.0"
      },
      "bin": {
        "openapi2schema": "index.js"
      }
    },
    "node_modules/regexp.prototype.flags": {
      "version": "1.4.3",
      "resolved": "https://registry.npmjs.org/regexp.prototype.flags/-/regexp.prototype.flags-1.4.3.tgz",
      "integrity": "sha512-fjggEOO3slI6Wvgjwflkc4NFRCTZAu5CnNfBd5qOMYhWdn67nJBBu34/TkD++eeFmd8C9r9jfXJ27+nSiRkSUA==",
      "dev": true,
      "dependencies": {
        "call-bind": "^1.0.2",
        "define-properties": "^1.1.3",
        "functions-have-names": "^1.2.2"
      },
      "engines": {
        "node": ">= 0.4"
      },
      "funding": {
        "url": "https://github.com/sponsors/ljharb"
      }
    },
    "node_modules/sprintf-js": {
      "version": "1.0.3",
      "resolved": "https://registry.npmjs.org/sprintf-js/-/sprintf-js-1.0.3.tgz",
      "integrity": "sha1-BOaSb2YolTVPPdAVIDYzuFcpfiw=",
      "dev": true
    },
    "node_modules/validate.io-array": {
      "version": "1.0.6",
      "resolved": "https://registry.npmjs.org/validate.io-array/-/validate.io-array-1.0.6.tgz",
      "integrity": "sha1-W1osr9j4uFq7L4hroVPy2Tond00=",
      "dev": true
    },
    "node_modules/validate.io-function": {
      "version": "1.0.2",
      "resolved": "https://registry.npmjs.org/validate.io-function/-/validate.io-function-1.0.2.tgz",
      "integrity": "sha1-NDoZgC7TsZaCaceA5VjpNBHAutc=",
      "dev": true
    },
    "node_modules/validate.io-integer": {
      "version": "1.0.5",
      "resolved": "https://registry.npmjs.org/validate.io-integer/-/validate.io-integer-1.0.5.tgz",
      "integrity": "sha1-FoSWSAuVviJH7EQ/IjPeT4mHgGg=",
      "dev": true,
      "dependencies": {
        "validate.io-number": "^1.0.3"
      }
    },
    "node_modules/validate.io-integer-array": {
      "version": "1.0.0",
      "resolved": "https://registry.npmjs.org/validate.io-integer-array/-/validate.io-integer-array-1.0.0.tgz",
      "integrity": "sha1-LKveAzKTpry+Bj/q/pHq9GsToIk=",
      "dev": true,
      "dependencies": {
        "validate.io-array": "^1.0.3",
        "validate.io-integer": "^1.0.4"
      }
    },
    "node_modules/validate.io-number": {
      "version": "1.0.3",
      "resolved": "https://registry.npmjs.org/validate.io-number/-/validate.io-number-1.0.3.tgz",
      "integrity": "sha1-9j/+2iSL8opnqNSODjtGGhZluvg=",
      "dev": true
    }
  },
  "dependencies": {
    "argparse": {
      "version": "1.0.10",
      "resolved": "https://registry.npmjs.org/argparse/-/argparse-1.0.10.tgz",
      "integrity": "sha512-o5Roy6tNG4SL/FOkCAN6RzjiakZS25RLYFrcMttJqbdd8BWrnA+fGz57iN5Pb06pvBGvl5gQ0B48dJlslXvoTg==",
      "dev": true,
      "requires": {
        "sprintf-js": "~1.0.2"
      }
    },
    "call-bind": {
      "version": "1.0.2",
      "resolved": "https://registry.npmjs.org/call-bind/-/call-bind-1.0.2.tgz",
      "integrity": "sha512-7O+FbCihrB5WGbFYesctwmTKae6rOiIzmz1icreWJ+0aA7LJfuqhEso2T9ncpcFtzMQtzXf2QGGueWJGTYsqrA==",
      "dev": true,
      "requires": {
        "function-bind": "^1.1.1",
        "get-intrinsic": "^1.0.2"
      }
    },
    "call-me-maybe": {
      "version": "1.0.1",
      "resolved": "https://registry.npmjs.org/call-me-maybe/-/call-me-maybe-1.0.1.tgz",
      "integrity": "sha1-JtII6onje1y95gJQoV8DHBak1ms=",
      "dev": true
    },
    "commander": {
      "version": "2.20.3",
      "resolved": "https://registry.npmjs.org/commander/-/commander-2.20.3.tgz",
      "integrity": "sha512-GpVkmM8vF2vQUkj2LvZmD35JxeJOLCwJ9cUkugyk2nuhbv3+mJvpLYYt+0+USMxE+oj+ey/lJEnhZw75x/OMcQ==",
      "dev": true
    },
    "compute-gcd": {
      "version": "1.2.0",
      "resolved": "https://registry.npmjs.org/compute-gcd/-/compute-gcd-1.2.0.tgz",
      "integrity": "sha1-/B7eW2UAHpUCJlAvRlQ4Y+T+oQ4=",
      "dev": true,
      "requires": {
        "validate.io-array": "^1.0.3",
        "validate.io-function": "^1.0.2",
        "validate.io-integer-array": "^1.0.0"
      }
    },
    "compute-lcm": {
      "version": "1.1.0",
      "resolved": "https://registry.npmjs.org/compute-lcm/-/compute-lcm-1.1.0.tgz",
      "integrity": "sha1-q9ltBAtBsKFm+JlEtci3xRHiGtU=",
      "dev": true,
      "requires": {
        "compute-gcd": "^1.2.0",
        "validate.io-array": "^1.0.3",
        "validate.io-function": "^1.0.2",
        "validate.io-integer-array": "^1.0.0"
      }
    },
    "debug": {
      "version": "3.2.6",
      "resolved": "https://registry.npmjs.org/debug/-/debug-3.2.6.tgz",
      "integrity": "sha512-mel+jf7nrtEl5Pn1Qx46zARXKDpBbvzezse7p7LqINmdoIk8PYP5SySaxEmYv6TZ0JyEKA1hsCId6DIhgITtWQ==",
      "dev": true,
      "requires": {
        "ms": "^2.1.1"
      }
    },
    "deep-equal": {
      "version": "1.1.1",
      "resolved": "https://registry.npmjs.org/deep-equal/-/deep-equal-1.1.1.tgz",
      "integrity": "sha512-yd9c5AdiqVcR+JjcwUQb9DkhJc8ngNr0MahEBGvDiJw8puWab2yZlh+nkasOnZP+EGTAP6rRp2JzJhJZzvNF8g==",
      "dev": true,
      "requires": {
        "is-arguments": "^1.0.4",
        "is-date-object": "^1.0.1",
        "is-regex": "^1.0.4",
        "object-is": "^1.0.1",
        "object-keys": "^1.1.1",
        "regexp.prototype.flags": "^1.2.0"
      }
    },
    "define-properties": {
      "version": "1.1.4",
      "resolved": "https://registry.npmjs.org/define-properties/-/define-properties-1.1.4.tgz",
      "integrity": "sha512-uckOqKcfaVvtBdsVkdPv3XjveQJsNQqmhXgRi8uhvWWuPYZCNlzT8qAyblUgNoXdHdjMTzAqeGjAoli8f+bzPA==",
      "dev": true,
      "requires": {
        "has-property-descriptors": "^1.0.0",
        "object-keys": "^1.1.1"
      }
    },
    "esprima": {
      "version": "4.0.1",
      "resolved": "https://registry.npmjs.org/esprima/-/esprima-4.0.1.tgz",
      "integrity": "sha512-eGuFFw7Upda+g4p+QHvnW0RyTX/SVeJBDM/gCtMARO0cLuT2HcEKnTPvhjV6aGeqrCB/sbNop0Kszm0jsaWU4A==",
      "dev": true
    },
    "format-util": {
      "version": "1.0.3",
      "resolved": "https://registry.npmjs.org/format-util/-/format-util-1.0.3.tgz",
      "integrity": "sha1-Ay3KShFiYqEsQ/TD7IVmQWxbLZU=",
      "dev": true
    },
    "function-bind": {
      "version": "1.1.1",
      "resolved": "https://registry.npmjs.org/function-bind/-/function-bind-1.1.1.tgz",
      "integrity": "sha512-yIovAzMX49sF8Yl58fSCWJ5svSLuaibPxXQJFLmBObTuCr0Mf1KiPopGM9NiFjiYBCbfaa2Fh6breQ6ANVTI0A==",
      "dev": true
    },
    "functions-have-names": {
      "version": "1.2.3",
      "resolved": "https://registry.npmjs.org/functions-have-names/-/functions-have-names-1.2.3.tgz",
      "integrity": "sha512-xckBUXyTIqT97tq2x2AMb+g163b5JFysYk0x4qxNFwbfQkmNZoiRHb6sPzI9/QV33WeuvVYBUIiD4NzNIyqaRQ==",
      "dev": true
    },
    "get-intrinsic": {
      "version": "1.1.3",
      "resolved": "https://registry.npmjs.org/get-intrinsic/-/get-intrinsic-1.1.3.tgz",
      "integrity": "sha512-QJVz1Tj7MS099PevUG5jvnt9tSkXN8K14dxQlikJuPt4uD9hHAHjLyLBiLR5zELelBdD9QNRAXZzsJx0WaDL9A==",
      "dev": true,
      "requires": {
        "function-bind": "^1.1.1",
        "has": "^1.0.3",
        "has-symbols": "^1.0.3"
      }
    },
    "has": {
      "version": "1.0.3",
      "resolved": "https://registry.npmjs.org/has/-/has-1.0.3.tgz",
      "integrity": "sha512-f2dvO0VU6Oej7RkWJGrehjbzMAjFp5/VKPp5tTpWIV4JHHZK1/BxbFRtf/siA2SWTe09caDmVtYYzWEIbBS4zw==",
      "dev": true,
      "requires": {
        "function-bind": "^1.1.1"
      }
    },
    "has-property-descriptors": {
      "version": "1.0.0",
      "resolved": "https://registry.npmjs.org/has-property-descriptors/-/has-property-descriptors-1.0.0.tgz",
      "integrity": "sha512-62DVLZGoiEBDHQyqG4w9xCuZ7eJEwNmJRWw2VY84Oedb7WFcA27fiEVe8oUQx9hAUJ4ekurquucTGwsyO1XGdQ==",
      "dev": true,
      "requires": {
        "get-intrinsic": "^1.1.1"
      }
    },
    "has-symbols": {
      "version": "1.0.3",
      "resolved": "https://registry.npmjs.org/has-symbols/-/has-symbols-1.0.3.tgz",
      "integrity": "sha512-l3LCuF6MgDNwTDKkdYGEihYjt5pRPbEg46rtlmnSPlUbgmB8LOIrKJbYYFBSbnPaJexMKtiPO8hmeRjRz2Td+A==",
      "dev": true
    },
    "has-tostringtag": {
      "version": "1.0.0",
      "resolved": "https://registry.npmjs.org/has-tostringtag/-/has-tostringtag-1.0.0.tgz",
      "integrity": "sha512-kFjcSNhnlGV1kyoGk7OXKSawH5JOb/LzUc5w9B02hOTO0dfFRjbHQKvg1d6cf3HbeUmtU9VbbV3qzZ2Teh97WQ==",
      "dev": true,
      "requires": {
        "has-symbols": "^1.0.2"
      }
    },
    "is-arguments": {
      "version": "1.1.1",
      "resolved": "https://registry.npmjs.org/is-arguments/-/is-arguments-1.1.1.tgz",
      "integrity": "sha512-8Q7EARjzEnKpt/PCD7e1cgUS0a6X8u5tdSiMqXhojOdoV9TsMsiO+9VLC5vAmO8N7/GmXn7yjR8qnA6bVAEzfA==",
      "dev": true,
      "requires": {
        "call-bind": "^1.0.2",
        "has-tostringtag": "^1.0.0"
      }
    },
    "is-date-object": {
      "version": "1.0.5",
      "resolved": "https://registry.npmjs.org/is-date-object/-/is-date-object-1.0.5.tgz",
      "integrity": "sha512-9YQaSxsAiSwcvS33MBk3wTCVnWK+HhF8VZR2jRxehM16QcVOdHqPn4VPHmRK4lSr38n9JriurInLcP90xsYNfQ==",
      "dev": true,
      "requires": {
        "has-tostringtag": "^1.0.0"
      }
    },
    "is-regex": {
      "version": "1.1.4",
      "resolved": "https://registry.npmjs.org/is-regex/-/is-regex-1.1.4.tgz",
      "integrity": "sha512-kvRdxDsxZjhzUX07ZnLydzS1TU/TJlTUHHY4YLL87e37oUA49DfkLqgy+VjFocowy29cKvcSiu+kIv728jTTVg==",
      "dev": true,
      "requires": {
        "call-bind": "^1.0.2",
        "has-tostringtag": "^1.0.0"
      }
    },
    "js-yaml": {
      "version": "3.13.1",
      "resolved": "https://registry.npmjs.org/js-yaml/-/js-yaml-3.13.1.tgz",
      "integrity": "sha512-YfbcO7jXDdyj0DGxYVSlSeQNHbD7XPWvrVWeVUujrQEoZzWJIRrCPoyk6kL6IAjAG2IolMK4T0hNUe0HOUs5Jw==",
      "dev": true,
      "requires": {
        "argparse": "^1.0.7",
        "esprima": "^4.0.0"
      }
    },
    "json-schema-compare": {
      "version": "0.2.2",
      "resolved": "https://registry.npmjs.org/json-schema-compare/-/json-schema-compare-0.2.2.tgz",
      "integrity": "sha512-c4WYmDKyJXhs7WWvAWm3uIYnfyWFoIp+JEoX34rctVvEkMYCPGhXtvmFFXiffBbxfZsvQ0RNnV5H7GvDF5HCqQ==",
      "dev": true,
      "requires": {
        "lodash": "^4.17.4"
      }
    },
    "json-schema-merge-allof": {
      "version": "0.6.0",
      "resolved": "https://registry.npmjs.org/json-schema-merge-allof/-/json-schema-merge-allof-0.6.0.tgz",
      "integrity": "sha512-LEw4VMQVRceOPLuGRWcxW5orTTiR9ZAtqTAe4rQUjNADTeR81bezBVFa0MqIwp0YmHIM1KkhSjZM7o+IQhaPbQ==",
      "dev": true,
      "requires": {
        "compute-lcm": "^1.1.0",
        "json-schema-compare": "^0.2.2",
        "lodash": "^4.17.4"
      }
    },
    "json-schema-ref-parser": {
      "version": "4.1.1",
      "resolved": "https://registry.npmjs.org/json-schema-ref-parser/-/json-schema-ref-parser-4.1.1.tgz",
      "integrity": "sha512-lByoCHZ6H2zgb6NtsXIqtzQ+6Ji7iVqnrhWxsXLhF+gXmgu6E8+ErpDxCMR439MUG1nfMjWI2HAoM8l0XgSNhw==",
      "dev": true,
      "requires": {
        "call-me-maybe": "^1.0.1",
        "debug": "^3.1.0",
        "js-yaml": "^3.10.0",
        "ono": "^4.0.3"
      }
    },
    "jsonschema": {
      "version": "1.2.5",
      "resolved": "https://registry.npmjs.org/jsonschema/-/jsonschema-1.2.5.tgz",
      "integrity": "sha512-kVTF+08x25PQ0CjuVc0gRM9EUPb0Fe9Ln/utFOgcdxEIOHuU7ooBk/UPTd7t1M91pP35m0MU1T8M5P7vP1bRRw==",
      "dev": true
    },
    "lodash": {
      "version": "4.17.21",
      "resolved": "https://registry.npmjs.org/lodash/-/lodash-4.17.21.tgz",
      "integrity": "sha512-v2kDEe57lecTulaDIuNTPy3Ry4gLGJ6Z1O3vE1krgXZNrsQ+LFTGHVxVjcXPs17LhbZVGedAJv8XZ1tvj5FvSg==",
      "dev": true
    },
    "ms": {
      "version": "2.1.2",
      "resolved": "https://registry.npmjs.org/ms/-/ms-2.1.2.tgz",
      "integrity": "sha512-sGkPx+VjMtmA6MX27oA4FBFELFCZZ4S4XqeGOXCv68tT+jb3vk/RyaKWP0PTKyWtmLSM0b+adUTEvbs1PEaH2w==",
      "dev": true
    },
    "object-is": {
      "version": "1.1.5",
      "resolved": "https://registry.npmjs.org/object-is/-/object-is-1.1.5.tgz",
      "integrity": "sha512-3cyDsyHgtmi7I7DfSSI2LDp6SK2lwvtbg0p0R1e0RvTqF5ceGx+K2dfSjm1bKDMVCFEDAQvy+o8c6a7VujOddw==",
      "dev": true,
      "requires": {
        "call-bind": "^1.0.2",
        "define-properties": "^1.1.3"
      }
    },
    "object-keys": {
      "version": "1.1.1",
      "resolved": "https://registry.npmjs.org/object-keys/-/object-keys-1.1.1.tgz",
      "integrity": "sha512-NuAESUOUMrlIXOfHKzD6bpPu3tYt3xvjNdRIQ+FeT0lNb4K8WR70CaDxhuNguS2XG+GjkyMwOzsN5ZktImfhLA==",
      "dev": true
    },
    "ono": {
      "version": "4.0.11",
      "resolved": "https://registry.npmjs.org/ono/-/ono-4.0.11.tgz",
      "integrity": "sha512-jQ31cORBFE6td25deYeD80wxKBMj+zBmHTrVxnc6CKhx8gho6ipmWM5zj/oeoqioZ99yqBls9Z/9Nss7J26G2g==",
      "dev": true,
      "requires": {
        "format-util": "^1.0.3"
      }
    },
    "openapi-schema-to-json-schema": {
      "version": "1.2.0",
      "resolved": "https://registry.npmjs.org/openapi-schema-to-json-schema/-/openapi-schema-to-json-schema-1.2.0.tgz",
      "integrity": "sha512-UpSpfoFUKNHRQkxazjsQSAlhffKfXSW01nKiJJ/Z0pPa9iL8uxjqG1yY5944ZV5lyqno2cH2VJ5LBJM3Pu/dKg==",
      "dev": true,
      "requires": {
        "deep-equal": "^1.0.1"
      }
    },
    "openapi2schema": {
      "version": "0.3.2",
      "resolved": "https://registry.npmjs.org/openapi2schema/-/openapi2schema-0.3.2.tgz",
      "integrity": "sha512-11JyIrCqYw2ixdrkS5jGQ8nM+aj6020HP49Peiskj7NrP3fMVPdRvJElV8Om8iIiiYpbQFGhrJqPxdwuhU+G9Q==",
      "dev": true,
      "requires": {
        "commander": "^2.11.0",
        "json-schema-merge-allof": "^0.6.0",
        "json-schema-ref-parser": "^4.0.3",
        "openapi-schema-to-json-schema": "^1.2.0"
      }
    },
    "regexp.prototype.flags": {
      "version": "1.4.3",
      "resolved": "https://registry.npmjs.org/regexp.prototype.flags/-/regexp.prototype.flags-1.4.3.tgz",
      "integrity": "sha512-fjggEOO3slI6Wvgjwflkc4NFRCTZAu5CnNfBd5qOMYhWdn67nJBBu34/TkD++eeFmd8C9r9jfXJ27+nSiRkSUA==",
      "dev": true,
      "requires": {
        "call-bind": "^1.0.2",
        "define-properties": "^1.1.3",
        "functions-have-names": "^1.2.2"
      }
    },
    "sprintf-js": {
      "version": "1.0.3",
      "resolved": "https://registry.npmjs.org/sprintf-js/-/sprintf-js-1.0.3.tgz",
      "integrity": "sha1-BOaSb2YolTVPPdAVIDYzuFcpfiw=",
      "dev": true
    },
    "validate.io-array": {
      "version": "1.0.6",
      "resolved": "https://registry.npmjs.org/validate.io-array/-/validate.io-array-1.0.6.tgz",
      "integrity": "sha1-W1osr9j4uFq7L4hroVPy2Tond00=",
      "dev": true
    },
    "validate.io-function": {
      "version": "1.0.2",
      "resolved": "https://registry.npmjs.org/validate.io-function/-/validate.io-function-1.0.2.tgz",
      "integrity": "sha1-NDoZgC7TsZaCaceA5VjpNBHAutc=",
      "dev": true
    },
    "validate.io-integer": {
      "version": "1.0.5",
      "resolved": "https://registry.npmjs.org/validate.io-integer/-/validate.io-integer-1.0.5.tgz",
      "integrity": "sha1-FoSWSAuVviJH7EQ/IjPeT4mHgGg=",
      "dev": true,
      "requires": {
        "validate.io-number": "^1.0.3"
      }
    },
    "validate.io-integer-array": {
      "version": "1.0.0",
      "resolved": "https://registry.npmjs.org/validate.io-integer-array/-/validate.io-integer-array-1.0.0.tgz",
      "integrity": "sha1-LKveAzKTpry+Bj/q/pHq9GsToIk=",
      "dev": true,
      "requires": {
        "validate.io-array": "^1.0.3",
        "validate.io-integer": "^1.0.4"
      }
    },
    "validate.io-number": {
      "version": "1.0.3",
      "resolved": "https://registry.npmjs.org/validate.io-number/-/validate.io-number-1.0.3.tgz",
      "integrity": "sha1-9j/+2iSL8opnqNSODjtGGhZluvg=",
      "dev": true
    }
  }
}
